
Microsoft Visual Studio Solution File, Format Version 12.00
# Visual Studio Version 16
VisualStudioVersion = 16.0.31424.327
MinimumVisualStudioVersion = 10.0.40219.1
Project("{FAE04EC0-301F-11D3-BF4B-00C04F79EFBC}") = "AutomationFramework", "AutomationFramework\AutomationFramework.csproj", "{249D75A5-5956-4C77-9798-06938D1D3935}"
EndProject
Global
	GlobalSection(SolutionConfigurationPlatforms) = preSolution
		Debug|Any CPU = Debug|Any CPU
		Release|Any CPU = Release|Any CPU
	EndGlobalSection
	GlobalSection(ProjectConfigurationPlatforms) = postSolution
		{249D75A5-5956-4C77-9798-06938D1D3935}.Debug|Any CPU.ActiveCfg = Debug|Any CPU
		{249D75A5-5956-4C77-9798-06938D1D3935}.Debug|Any CPU.Build.0 = Debug|Any CPU
		{249D75A5-5956-4C77-9798-06938D1D3935}.Release|Any CPU.ActiveCfg = Release|Any CPU
		{249D75A5-5956-4C77-9798-06938D1D3935}.Release|Any CPU.Build.0 = Release|Any CPU
	EndGlobalSection
	GlobalSection(SolutionProperties) = preSolution
		HideSolutionNode = FALSE
	EndGlobalSection
	GlobalSection(ExtensibilityGlobals) = postSolution
		SolutionGuid = {A65B7674-537B-40A7-95B3-4CFB0BD4E168}
	EndGlobalSection
EndGlobal
